# THIS IS AN AUTOGENERATED FILE. DO NOT EDIT THIS FILE DIRECTLY.
# yarn lockfile v1


"@types/events@*":
  version "1.2.0"
  resolved "http://registry.npm.taobao.org/@types/events/download/@types/events-1.2.0.tgz#81a6731ce4df43619e5c8c945383b3e62a89ea86"

"@types/node@*":
  version "10.5.4"
  resolved "http://registry.npm.taobao.org/@types/node/download/@types/node-10.5.4.tgz#6eccc158504357d1da91434d75e86acde94bb10b"

"@types/pino@^4.16.0":
  version "4.16.0"
  resolved "http://registry.npm.taobao.org/@types/pino/download/@types/pino-4.16.0.tgz#802d0e8d36009a39c5c9163634a3344073f04be5"
  dependencies:
    "@types/events" "*"
    "@types/node" "*"

ansi-styles@^3.2.1:
  version "3.2.1"
  resolved "http://registry.npm.taobao.org/ansi-styles/download/ansi-styles-3.2.1.tgz#41fbb20243e50b12be0f04b8dedbf07520ce841d"
  dependencies:
    color-convert "^1.9.0"

chalk@^2.4.1:
  version "2.4.1"
  resolved "http://registry.npm.taobao.org/chalk/download/chalk-2.4.1.tgz#18c49ab16a037b6eb0152cc83e3471338215b66e"
  dependencies:
    ansi-styles "^3.2.1"
    escape-string-regexp "^1.0.5"
    supports-color "^5.3.0"

color-convert@^1.9.0:
  version "1.9.2"
  resolved "http://registry.npm.taobao.org/color-convert/download/color-convert-1.9.2.tgz#49881b8fba67df12a96bdf3f56c0aab9e7913147"
  dependencies:
    color-name "1.1.1"

color-name@1.1.1:
  version "1.1.1"
  resolved "http://registry.npm.taobao.org/color-name/download/color-name-1.1.1.tgz#4b1415304cf50028ea81643643bd82ea05803689"

core-util-is@~1.0.0:
  version "1.0.2"
  resolved "http://registry.npm.taobao.org/core-util-is/download/core-util-is-1.0.2.tgz#b5fd54220aa2bc5ab57aab7140c940754503c1a7"

end-of-stream@^1.1.0:
  version "1.4.1"
  resolved "http://registry.npm.taobao.org/end-of-stream/download/end-of-stream-1.4.1.tgz#ed29634d19baba463b6ce6b80a37213eab71ec43"
  dependencies:
    once "^1.4.0"

escape-string-regexp@^1.0.5:
  version "1.0.5"
  resolved "http://registry.npm.taobao.org/escape-string-regexp/download/escape-string-regexp-1.0.5.tgz#1b61c0562190a8dff6ae3bb2cf0200ca130b86d4"

fast-json-parse@^1.0.3:
  version "1.0.3"
  resolved "http://registry.npm.taobao.org/fast-json-parse/download/fast-json-parse-1.0.3.tgz#43e5c61ee4efa9265633046b770fb682a7577c4d"

fast-safe-stringify@^1.0.8, fast-safe-stringify@^1.2.3:
  version "1.2.3"
  resolved "http://registry.npm.taobao.org/fast-safe-stringify/download/fast-safe-stringify-1.2.3.tgz#9fe22c37fb2f7f86f06b8f004377dbf8f1ee7bc1"

fast-xml-parser@^3.11.2:
  version "3.11.2"
  resolved "http://registry.npm.taobao.org/fast-xml-parser/download/fast-xml-parser-3.11.2.tgz#52de7bea3e94eec2d7e9699ccc3ec04ffbee62ce"
  dependencies:
    nimnjs "^1.3.2"

flatstr@^1.0.5:
  version "1.0.8"
  resolved "http://registry.npm.taobao.org/flatstr/download/flatstr-1.0.8.tgz#0e849229751f2b9f6a0919f8e81e1229e84ba901"

has-flag@^3.0.0:
  version "3.0.0"
  resolved "http://registry.npm.taobao.org/has-flag/download/has-flag-3.0.0.tgz#b5d454dc2199ae225699f3467e5a07f3b955bafd"

inherits@~2.0.3:
  version "2.0.3"
  resolved "http://registry.npm.taobao.org/inherits/download/inherits-2.0.3.tgz#633c2c83e3da42a502f52466022480f4208261de"

isarray@~1.0.0:
  version "1.0.0"
  resolved "http://registry.npm.taobao.org/isarray/download/isarray-1.0.0.tgz#bb935d48582cba168c06834957a54a3e07124f11"

nimn-date-parser@^1.0.0:
  version "1.0.0"
  resolved "http://registry.npm.taobao.org/nimn-date-parser/download/nimn-date-parser-1.0.0.tgz#4ce55d1fd5ea206bbe82b76276f7b7c582139351"

nimn_schema_builder@^1.0.0:
  version "1.1.0"
  resolved "http://registry.npm.taobao.org/nimn_schema_builder/download/nimn_schema_builder-1.1.0.tgz#b370ccf5b647d66e50b2dcfb20d0aa12468cd247"

nimnjs@^1.3.2:
  version "1.3.2"
  resolved "http://registry.npm.taobao.org/nimnjs/download/nimnjs-1.3.2.tgz#a6a877968d87fad836375a4f616525e55079a5ba"
  dependencies:
    nimn-date-parser "^1.0.0"
    nimn_schema_builder "^1.0.0"

once@^1.3.1, once@^1.4.0:
  version "1.4.0"
  resolved "http://registry.npm.taobao.org/once/download/once-1.4.0.tgz#583b1aa775961d4b113ac17d9c50baef9dd76bd1"
  dependencies:
    wrappy "1"

pino-std-serializers@^2.0.0:
  version "2.1.0"
  resolved "http://registry.npm.taobao.org/pino-std-serializers/download/pino-std-serializers-2.1.0.tgz#01953dcaecd5f43b331ecf2e312a49c9fd64851c"

pino@^4.17.5:
  version "4.17.5"
  resolved "http://registry.npm.taobao.org/pino/download/pino-4.17.5.tgz#771e7b94acf09082c1063bc5a91edc59a5503dc4"
  dependencies:
    chalk "^2.4.1"
    fast-json-parse "^1.0.3"
    fast-safe-stringify "^1.2.3"
    flatstr "^1.0.5"
    pino-std-serializers "^2.0.0"
    pump "^3.0.0"
    quick-format-unescaped "^1.1.2"
    split2 "^2.2.0"

process-nextick-args@~2.0.0:
  version "2.0.0"
  resolved "http://registry.npm.taobao.org/process-nextick-args/download/process-nextick-args-2.0.0.tgz#a37d732f4271b4ab1ad070d35508e8290788ffaa"

pump@^3.0.0:
  version "3.0.0"
  resolved "http://registry.npm.taobao.org/pump/download/pump-3.0.0.tgz#b4a2116815bde2f4e1ea602354e8c75565107a64"
  dependencies:
    end-of-stream "^1.1.0"
    once "^1.3.1"

quick-format-unescaped@^1.1.2:
  version "1.1.2"
  resolved "http://registry.npm.taobao.org/quick-format-unescaped/download/quick-format-unescaped-1.1.2.tgz#0ca581de3174becef25ac3c2e8956342381db698"
  dependencies:
    fast-safe-stringify "^1.0.8"

readable-stream@^2.1.5:
  version "2.3.6"
  resolved "http://registry.npm.taobao.org/readable-stream/download/readable-stream-2.3.6.tgz#b11c27d88b8ff1fbe070643cf94b0c79ae1b0aaf"
  dependencies:
    core-util-is "~1.0.0"
    inherits "~2.0.3"
    isarray "~1.0.0"
    process-nextick-args "~2.0.0"
    safe-buffer "~5.1.1"
    string_decoder "~1.1.1"
    util-deprecate "~1.0.1"

rxjs@^6.2.2:
  version "6.2.2"
  resolved "http://registry.npm.taobao.org/rxjs/download/rxjs-6.2.2.tgz#eb75fa3c186ff5289907d06483a77884586e1cf9"
  dependencies:
    tslib "^1.9.0"

safe-buffer@~5.1.0, safe-buffer@~5.1.1:
  version "5.1.2"
  resolved "http://registry.npm.taobao.org/safe-buffer/download/safe-buffer-5.1.2.tgz#991ec69d296e0313747d59bdfd2b745c35f8828d"

split2@^2.2.0:
  version "2.2.0"
  resolved "http://registry.npm.taobao.org/split2/download/split2-2.2.0.tgz#186b2575bcf83e85b7d18465756238ee4ee42493"
  dependencies:
    through2 "^2.0.2"

string_decoder@~1.1.1:
  version "1.1.1"
  resolved "http://registry.npm.taobao.org/string_decoder/download/string_decoder-1.1.1.tgz#9cf1611ba62685d7030ae9e4ba34149c3af03fc8"
  dependencies:
    safe-buffer "~5.1.0"

supports-color@^5.3.0:
  version "5.4.0"
  resolved "http://registry.npm.taobao.org/supports-color/download/supports-color-5.4.0.tgz#1c6b337402c2137605efe19f10fec390f6faab54"
  dependencies:
    has-flag "^3.0.0"

through2@^2.0.2:
  version "2.0.3"
  resolved "http://registry.npm.taobao.org/through2/download/through2-2.0.3.tgz#0004569b37c7c74ba39c43f3ced78d1ad94140be"
  dependencies:
    readable-stream "^2.1.5"
    xtend "~4.0.1"

tslib@^1.9.0:
  version "1.9.3"
  resolved "http://registry.npm.taobao.org/tslib/download/tslib-1.9.3.tgz#d7e4dd79245d85428c4d7e4822a79917954ca286"

typescript@^2.9.2:
  version "2.9.2"
  resolved "http://registry.npm.taobao.org/typescript/download/typescript-2.9.2.tgz#1cbf61d05d6b96269244eb6a3bce4bd914e0f00c"

util-deprecate@~1.0.1:
  version "1.0.2"
  resolved "http://registry.npm.taobao.org/util-deprecate/download/util-deprecate-1.0.2.tgz#450d4dc9fa70de732762fbd2d4a28981419a0ccf"

wrappy@1:
  version "1.0.2"
  resolved "http://registry.npm.taobao.org/wrappy/download/wrappy-1.0.2.tgz#b5243d8f3ec1aa35f1364605bc0d1036e30ab69f"

xtend@~4.0.1:
  version "4.0.1"
  resolved "http://registry.npm.taobao.org/xtend/download/xtend-4.0.1.tgz#a5c6d532be656e23db820efb943a1f04998d63af"
